
Microsoft Visual Studio Solution File, Format Version 12.00
# Visual Studio Version 17
VisualStudioVersion = 17.5.33424.131
MinimumVisualStudioVersion = 10.0.40219.1
Project("{FAE04EC0-301F-11D3-BF4B-00C04F79EFBC}") = "ConsoleApp1", "ConsoleApp1\ConsoleApp1.csproj", "{F8722414-879D-4536-BF55-6DE8FCA3410C}"
EndProject
Global
	GlobalSection(SolutionConfigurationPlatforms) = preSolution
		Debug|Any CPU = Debug|Any CPU
		Release|Any CPU = Release|Any CPU
	EndGlobalSection
	GlobalSection(ProjectConfigurationPlatforms) = postSolution
		{F8722414-879D-4536-BF55-6DE8FCA3410C}.Debug|Any CPU.ActiveCfg = Debug|Any CPU
		{F8722414-879D-4536-BF55-6DE8FCA3410C}.Debug|Any CPU.Build.0 = Debug|Any CPU
		{F8722414-879D-4536-BF55-6DE8FCA3410C}.Release|Any CPU.ActiveCfg = Release|Any CPU
		{F8722414-879D-4536-BF55-6DE8FCA3410C}.Release|Any CPU.Build.0 = Release|Any CPU
	EndGlobalSection
	GlobalSection(SolutionProperties) = preSolution
		HideSolutionNode = FALSE
	EndGlobalSection
	GlobalSection(ExtensibilityGlobals) = postSolution
		SolutionGuid = {27970805-5102-4F1F-822E-06E0444DA4AA}
	EndGlobalSection
EndGlobal
